{
  "name": "cast-caf-receiver-issue",
  "version": "1.0.0",
  "lockfileVersion": 1,
  "requires": true,
  "dependencies": {
    "@types/chromecast-caf-receiver": {
      "version": "3.0.3",
      "resolved": "https://registry.npmjs.org/@types/chromecast-caf-receiver/-/chromecast-caf-receiver-3.0.3.tgz",
      "integrity": "sha512-RbEhOANNuUlgDdHGBtGoIDOYRspOJE7QVUtkj4TgY82diFRm1ydFTQV9Eg1q+Kfp5NAYUu83Vtdb0Nok2P0vbg=="
    },
    "typescript": {
      "version": "3.2.4",
      "resolved": "https://registry.npmjs.org/typescript/-/typescript-3.2.4.tgz",
      "integrity": "sha512-0RNDbSdEokBeEAkgNbxJ+BLwSManFy9TeXz8uW+48j/xhEXv1ePME60olyzw2XzUqUBNAYFeJadIqAgNqIACwg=="
    }
  }
}
